// !$*UTF8*$!
{
	archiveVersion = 1;
	classes = {
	};
	objectVersion = 46;
	objects = {

/* Begin PBXBuildFile section */
		841E793C16A91AD200480E01 /* MapKit.framework in Frameworks */ = {isa = PBXBuildFile; fileRef = 841E793B16A91AD200480E01 /* MapKit.framework */; };
		841E793F16A91ADA00480E01 /* CoreLocation.framework in Frameworks */ = {isa = PBXBuildFile; fileRef = 841E793E16A91ADA00480E01 /* CoreLocation.framework */; };
		841E795116A9403900480E01 /* IOSupport.m in Sources */ = {isa = PBXBuildFile; fileRef = 841E795016A9403900480E01 /* IOSupport.m */; };
		841E795716A9844C00480E01 /* DetailViewController.m in Sources */ = {isa = PBXBuildFile; fileRef = 841E795616A9844C00480E01 /* DetailViewController.m */; };
		8468C4D81684B27B0085107C /* FlickrPhotoSelectorTableViewController.m in Sources */ = {isa = PBXBuildFile; fileRef = 8468C4D71684B27B0085107C /* FlickrPhotoSelectorTableViewController.m */; };
		848664CE16E50A1C0076A364 /* Photo.m in Sources */ = {isa = PBXBuildFile; fileRef = 848664CD16E50A1C0076A364 /* Photo.m */; };
		848664D216E50A1D0076A364 /* Vacation.m in Sources */ = {isa = PBXBuildFile; fileRef = 848664D116E50A1D0076A364 /* Vacation.m */; };
		848664D516E50A1D0076A364 /* Tag.m in Sources */ = {isa = PBXBuildFile; fileRef = 848664D416E50A1D0076A364 /* Tag.m */; };
		848664D816E50A1D0076A364 /* Place.m in Sources */ = {isa = PBXBuildFile; fileRef = 848664D716E50A1D0076A364 /* Place.m */; };
		848800AB16B422FE00A5496D /* FlickrPlaceAnnotation.m in Sources */ = {isa = PBXBuildFile; fileRef = 848800AA16B422FE00A5496D /* FlickrPlaceAnnotation.m */; };
		848800B216B4292D00A5496D /* FlickrPhotoAnnotation.m in Sources */ = {isa = PBXBuildFile; fileRef = 848800B116B4292D00A5496D /* FlickrPhotoAnnotation.m */; };
		848A2EDD1684A0BC008E0062 /* UIKit.framework in Frameworks */ = {isa = PBXBuildFile; fileRef = 848A2EDC1684A0BB008E0062 /* UIKit.framework */; };
		848A2EDF1684A0BC008E0062 /* Foundation.framework in Frameworks */ = {isa = PBXBuildFile; fileRef = 848A2EDE1684A0BC008E0062 /* Foundation.framework */; };
		848A2EE11684A0BC008E0062 /* CoreGraphics.framework in Frameworks */ = {isa = PBXBuildFile; fileRef = 848A2EE01684A0BC008E0062 /* CoreGraphics.framework */; };
		848A2EE71684A0BC008E0062 /* InfoPlist.strings in Resources */ = {isa = PBXBuildFile; fileRef = 848A2EE51684A0BC008E0062 /* InfoPlist.strings */; };
		848A2EE91684A0BC008E0062 /* main.m in Sources */ = {isa = PBXBuildFile; fileRef = 848A2EE81684A0BC008E0062 /* main.m */; };
		848A2EED1684A0BC008E0062 /* FlickrExplorerAppDelegate.m in Sources */ = {isa = PBXBuildFile; fileRef = 848A2EEC1684A0BC008E0062 /* FlickrExplorerAppDelegate.m */; };
		848A2EEF1684A0BC008E0062 /* Default.png in Resources */ = {isa = PBXBuildFile; fileRef = 848A2EEE1684A0BC008E0062 /* Default.png */; };
		848A2EF11684A0BC008E0062 /* Default@2x.png in Resources */ = {isa = PBXBuildFile; fileRef = 848A2EF01684A0BC008E0062 /* Default@2x.png */; };
		848A2EF31684A0BC008E0062 /* Default-568h@2x.png in Resources */ = {isa = PBXBuildFile; fileRef = 848A2EF21684A0BC008E0062 /* Default-568h@2x.png */; };
		848A2EF61684A0BC008E0062 /* iPhone.storyboard in Resources */ = {isa = PBXBuildFile; fileRef = 848A2EF41684A0BC008E0062 /* iPhone.storyboard */; };
		848A2F031684A0E2008E0062 /* README in Resources */ = {isa = PBXBuildFile; fileRef = 848A2F021684A0E2008E0062 /* README */; };
		848A2F081684A141008E0062 /* FlickrFetcher.m in Sources */ = {isa = PBXBuildFile; fileRef = 848A2F071684A141008E0062 /* FlickrFetcher.m */; };
		848A2F0B1684A310008E0062 /* FlickrTopPlacesTableViewController.m in Sources */ = {isa = PBXBuildFile; fileRef = 848A2F0A1684A310008E0062 /* FlickrTopPlacesTableViewController.m */; };
		848DB3B116AA8C9C004AA2EC /* RotatableViewController.m in Sources */ = {isa = PBXBuildFile; fileRef = 848DB3B016AA8C9C004AA2EC /* RotatableViewController.m */; };
		848E0D7F16A8E8FC005509B8 /* MapViewController.m in Sources */ = {isa = PBXBuildFile; fileRef = 848E0D7E16A8E8FC005509B8 /* MapViewController.m */; };
		848E28511685743400A84B40 /* FlickrPhotoViewController.m in Sources */ = {isa = PBXBuildFile; fileRef = 848E28501685743400A84B40 /* FlickrPhotoViewController.m */; };
		848E285416858A2D00A84B40 /* RecentPhotosSelectorTableViewController.m in Sources */ = {isa = PBXBuildFile; fileRef = 848E285316858A2D00A84B40 /* RecentPhotosSelectorTableViewController.m */; };
		848E5A1016C484F8005E3E92 /* SystemConfiguration.framework in Frameworks */ = {isa = PBXBuildFile; fileRef = 848E5A0F16C484F8005E3E92 /* SystemConfiguration.framework */; };
		848E5DFF16AA7CEB00840F97 /* iPad.storyboard in Resources */ = {isa = PBXBuildFile; fileRef = 848E5DFE16AA7CEB00840F97 /* iPad.storyboard */; };
		84906ACC16AFC03E0010C242 /* SegmentedViewController.m in Sources */ = {isa = PBXBuildFile; fileRef = 84906ACB16AFC03E0010C242 /* SegmentedViewController.m */; };
		84924A0116E503D30054D846 /* Model.xcdatamodeld in Sources */ = {isa = PBXBuildFile; fileRef = 849249FF16E503D30054D846 /* Model.xcdatamodeld */; };
		84935F3816E5C74000166E23 /* CoreData.framework in Frameworks */ = {isa = PBXBuildFile; fileRef = 84935F3716E5C74000166E23 /* CoreData.framework */; };
		8494481816AE29E6009C599C /* ViewControllerSupport.m in Sources */ = {isa = PBXBuildFile; fileRef = 8494481716AE29E5009C599C /* ViewControllerSupport.m */; };
		84B1E14116E0631F00C1A84F /* VacationTableViewController.m in Sources */ = {isa = PBXBuildFile; fileRef = 84B1E14016E0631F00C1A84F /* VacationTableViewController.m */; };
		84B1E14516E0652000C1A84F /* TagsTableViewController.m in Sources */ = {isa = PBXBuildFile; fileRef = 84B1E14416E0652000C1A84F /* TagsTableViewController.m */; };
		84B1E14816E0654400C1A84F /* ItineraryTableViewController.m in Sources */ = {isa = PBXBuildFile; fileRef = 84B1E14716E0654400C1A84F /* ItineraryTableViewController.m */; };
		84E2319216BCF424005CF3DF /* FlickrMapViewController.m in Sources */ = {isa = PBXBuildFile; fileRef = 84E2319116BCF424005CF3DF /* FlickrMapViewController.m */; };
		84F6626A1684A99A000CE17B /* PhotoViewController.m in Sources */ = {isa = PBXBuildFile; fileRef = 84F662691684A99A000CE17B /* PhotoViewController.m */; };
		84FCA8E316E485AB00501507 /* FlickrPlacesTableViewController.m in Sources */ = {isa = PBXBuildFile; fileRef = 84FCA8E216E485AB00501507 /* FlickrPlacesTableViewController.m */; };
		E836D31387F347779E7DEDC8 /* libPods.a in Frameworks */ = {isa = PBXBuildFile; fileRef = 38727BE717CA4FAE85262720 /* libPods.a */; };
/* End PBXBuildFile section */

/* Begin PBXFileReference section */
		38727BE717CA4FAE85262720 /* libPods.a */ = {isa = PBXFileReference; explicitFileType = archive.ar; includeInIndex = 0; path = libPods.a; sourceTree = BUILT_PRODUCTS_DIR; };
		751EF9E85E404C82AA292A43 /* Pods.xcconfig */ = {isa = PBXFileReference; includeInIndex = 1; lastKnownFileType = text.xcconfig; name = Pods.xcconfig; path = Pods/Pods.xcconfig; sourceTree = SOURCE_ROOT; };
		841E793B16A91AD200480E01 /* MapKit.framework */ = {isa = PBXFileReference; lastKnownFileType = wrapper.framework; name = MapKit.framework; path = System/Library/Frameworks/MapKit.framework; sourceTree = SDKROOT; };
		841E793E16A91ADA00480E01 /* CoreLocation.framework */ = {isa = PBXFileReference; lastKnownFileType = wrapper.framework; name = CoreLocation.framework; path = System/Library/Frameworks/CoreLocation.framework; sourceTree = SDKROOT; };
		841E794F16A9403900480E01 /* IOSupport.h */ = {isa = PBXFileReference; fileEncoding = 4; lastKnownFileType = sourcecode.c.h; path = IOSupport.h; sourceTree = "<group>"; };
		841E795016A9403900480E01 /* IOSupport.m */ = {isa = PBXFileReference; fileEncoding = 4; lastKnownFileType = sourcecode.c.objc; path = IOSupport.m; sourceTree = "<group>"; };
		841E795516A9844C00480E01 /* DetailViewController.h */ = {isa = PBXFileReference; fileEncoding = 4; lastKnownFileType = sourcecode.c.h; name = DetailViewController.h; path = FlickrExplorer/DetailViewController.h; sourceTree = "<group>"; };
		841E795616A9844C00480E01 /* DetailViewController.m */ = {isa = PBXFileReference; fileEncoding = 4; lastKnownFileType = sourcecode.c.objc; name = DetailViewController.m; path = FlickrExplorer/DetailViewController.m; sourceTree = "<group>"; };
		8468C4D61684B27B0085107C /* FlickrPhotoSelectorTableViewController.h */ = {isa = PBXFileReference; fileEncoding = 4; lastKnownFileType = sourcecode.c.h; path = FlickrPhotoSelectorTableViewController.h; sourceTree = "<group>"; };
		8468C4D71684B27B0085107C /* FlickrPhotoSelectorTableViewController.m */ = {isa = PBXFileReference; fileEncoding = 4; lastKnownFileType = sourcecode.c.objc; path = FlickrPhotoSelectorTableViewController.m; sourceTree = "<group>"; };
		848664CC16E50A1C0076A364 /* Photo.h */ = {isa = PBXFileReference; fileEncoding = 4; lastKnownFileType = sourcecode.c.h; name = Photo.h; path = "FlickrExplorer/Core Data/Photo.h"; sourceTree = "<group>"; };
		848664CD16E50A1C0076A364 /* Photo.m */ = {isa = PBXFileReference; fileEncoding = 4; lastKnownFileType = sourcecode.c.objc; name = Photo.m; path = "FlickrExplorer/Core Data/Photo.m"; sourceTree = "<group>"; };
		848664D016E50A1C0076A364 /* Vacation.h */ = {isa = PBXFileReference; fileEncoding = 4; lastKnownFileType = sourcecode.c.h; name = Vacation.h; path = "FlickrExplorer/Core Data/Vacation.h"; sourceTree = "<group>"; };
		848664D116E50A1D0076A364 /* Vacation.m */ = {isa = PBXFileReference; fileEncoding = 4; lastKnownFileType = sourcecode.c.objc; name = Vacation.m; path = "FlickrExplorer/Core Data/Vacation.m"; sourceTree = "<group>"; };
		848664D316E50A1D0076A364 /* Tag.h */ = {isa = PBXFileReference; fileEncoding = 4; lastKnownFileType = sourcecode.c.h; name = Tag.h; path = "FlickrExplorer/Core Data/Tag.h"; sourceTree = "<group>"; };
		848664D416E50A1D0076A364 /* Tag.m */ = {isa = PBXFileReference; fileEncoding = 4; lastKnownFileType = sourcecode.c.objc; name = Tag.m; path = "FlickrExplorer/Core Data/Tag.m"; sourceTree = "<group>"; };
		848664D616E50A1D0076A364 /* Place.h */ = {isa = PBXFileReference; fileEncoding = 4; lastKnownFileType = sourcecode.c.h; name = Place.h; path = "FlickrExplorer/Core Data/Place.h"; sourceTree = "<group>"; };
		848664D716E50A1D0076A364 /* Place.m */ = {isa = PBXFileReference; fileEncoding = 4; lastKnownFileType = sourcecode.c.objc; name = Place.m; path = "FlickrExplorer/Core Data/Place.m"; sourceTree = "<group>"; };
		848800A916B422FE00A5496D /* FlickrPlaceAnnotation.h */ = {isa = PBXFileReference; fileEncoding = 4; lastKnownFileType = sourcecode.c.h; path = FlickrPlaceAnnotation.h; sourceTree = "<group>"; };
		848800AA16B422FE00A5496D /* FlickrPlaceAnnotation.m */ = {isa = PBXFileReference; fileEncoding = 4; lastKnownFileType = sourcecode.c.objc; path = FlickrPlaceAnnotation.m; sourceTree = "<group>"; };
		848800B016B4292D00A5496D /* FlickrPhotoAnnotation.h */ = {isa = PBXFileReference; fileEncoding = 4; lastKnownFileType = sourcecode.c.h; path = FlickrPhotoAnnotation.h; sourceTree = "<group>"; };
		848800B116B4292D00A5496D /* FlickrPhotoAnnotation.m */ = {isa = PBXFileReference; fileEncoding = 4; lastKnownFileType = sourcecode.c.objc; path = FlickrPhotoAnnotation.m; sourceTree = "<group>"; };
		848A2ED81684A0BB008E0062 /* FlickrExplorer.app */ = {isa = PBXFileReference; explicitFileType = wrapper.application; includeInIndex = 0; path = FlickrExplorer.app; sourceTree = BUILT_PRODUCTS_DIR; };
		848A2EDC1684A0BB008E0062 /* UIKit.framework */ = {isa = PBXFileReference; lastKnownFileType = wrapper.framework; name = UIKit.framework; path = System/Library/Frameworks/UIKit.framework; sourceTree = SDKROOT; };
		848A2EDE1684A0BC008E0062 /* Foundation.framework */ = {isa = PBXFileReference; lastKnownFileType = wrapper.framework; name = Foundation.framework; path = System/Library/Frameworks/Foundation.framework; sourceTree = SDKROOT; };
		848A2EE01684A0BC008E0062 /* CoreGraphics.framework */ = {isa = PBXFileReference; lastKnownFileType = wrapper.framework; name = CoreGraphics.framework; path = System/Library/Frameworks/CoreGraphics.framework; sourceTree = SDKROOT; };
		848A2EE41684A0BC008E0062 /* FlickrExplorer-Info.plist */ = {isa = PBXFileReference; lastKnownFileType = text.plist.xml; path = "FlickrExplorer-Info.plist"; sourceTree = "<group>"; };
		848A2EE61684A0BC008E0062 /* en */ = {isa = PBXFileReference; lastKnownFileType = text.plist.strings; name = en; path = en.lproj/InfoPlist.strings; sourceTree = "<group>"; };
		848A2EE81684A0BC008E0062 /* main.m */ = {isa = PBXFileReference; lastKnownFileType = sourcecode.c.objc; path = main.m; sourceTree = "<group>"; };
		848A2EEA1684A0BC008E0062 /* FlickrExplorer-Prefix.pch */ = {isa = PBXFileReference; lastKnownFileType = sourcecode.c.h; path = "FlickrExplorer-Prefix.pch"; sourceTree = "<group>"; };
		848A2EEB1684A0BC008E0062 /* FlickrExplorerAppDelegate.h */ = {isa = PBXFileReference; lastKnownFileType = sourcecode.c.h; path = FlickrExplorerAppDelegate.h; sourceTree = "<group>"; };
		848A2EEC1684A0BC008E0062 /* FlickrExplorerAppDelegate.m */ = {isa = PBXFileReference; lastKnownFileType = sourcecode.c.objc; path = FlickrExplorerAppDelegate.m; sourceTree = "<group>"; };
		848A2EEE1684A0BC008E0062 /* Default.png */ = {isa = PBXFileReference; lastKnownFileType = image.png; path = Default.png; sourceTree = "<group>"; };
		848A2EF01684A0BC008E0062 /* Default@2x.png */ = {isa = PBXFileReference; lastKnownFileType = image.png; path = "Default@2x.png"; sourceTree = "<group>"; };
		848A2EF21684A0BC008E0062 /* Default-568h@2x.png */ = {isa = PBXFileReference; lastKnownFileType = image.png; path = "Default-568h@2x.png"; sourceTree = "<group>"; };
		848A2EF51684A0BC008E0062 /* en */ = {isa = PBXFileReference; lastKnownFileType = file.storyboard; name = en; path = en.lproj/iPhone.storyboard; sourceTree = "<group>"; };
		848A2F021684A0E2008E0062 /* README */ = {isa = PBXFileReference; fileEncoding = 4; lastKnownFileType = text; name = README; path = ../README; sourceTree = "<group>"; };
		848A2F051684A141008E0062 /* FlickrAPIKey.h */ = {isa = PBXFileReference; fileEncoding = 4; lastKnownFileType = sourcecode.c.h; path = FlickrAPIKey.h; sourceTree = "<group>"; };
		848A2F061684A141008E0062 /* FlickrFetcher.h */ = {isa = PBXFileReference; fileEncoding = 4; lastKnownFileType = sourcecode.c.h; path = FlickrFetcher.h; sourceTree = "<group>"; };
		848A2F071684A141008E0062 /* FlickrFetcher.m */ = {isa = PBXFileReference; fileEncoding = 4; lastKnownFileType = sourcecode.c.objc; path = FlickrFetcher.m; sourceTree = "<group>"; };
		848A2F091684A310008E0062 /* FlickrTopPlacesTableViewController.h */ = {isa = PBXFileReference; fileEncoding = 4; lastKnownFileType = sourcecode.c.h; path = FlickrTopPlacesTableViewController.h; sourceTree = "<group>"; };
		848A2F0A1684A310008E0062 /* FlickrTopPlacesTableViewController.m */ = {isa = PBXFileReference; fileEncoding = 4; lastKnownFileType = sourcecode.c.objc; path = FlickrTopPlacesTableViewController.m; sourceTree = "<group>"; };
		848DB3AF16AA8C9C004AA2EC /* RotatableViewController.h */ = {isa = PBXFileReference; fileEncoding = 4; lastKnownFileType = sourcecode.c.h; name = RotatableViewController.h; path = FlickrExplorer/RotatableViewController.h; sourceTree = "<group>"; };
		848DB3B016AA8C9C004AA2EC /* RotatableViewController.m */ = {isa = PBXFileReference; fileEncoding = 4; lastKnownFileType = sourcecode.c.objc; name = RotatableViewController.m; path = FlickrExplorer/RotatableViewController.m; sourceTree = "<group>"; };
		848E0D7D16A8E8FC005509B8 /* MapViewController.h */ = {isa = PBXFileReference; fileEncoding = 4; lastKnownFileType = sourcecode.c.h; path = MapViewController.h; sourceTree = "<group>"; };
		848E0D7E16A8E8FC005509B8 /* MapViewController.m */ = {isa = PBXFileReference; fileEncoding = 4; lastKnownFileType = sourcecode.c.objc; path = MapViewController.m; sourceTree = "<group>"; };
		848E284F1685743400A84B40 /* FlickrPhotoViewController.h */ = {isa = PBXFileReference; fileEncoding = 4; lastKnownFileType = sourcecode.c.h; path = FlickrPhotoViewController.h; sourceTree = "<group>"; };
		848E28501685743400A84B40 /* FlickrPhotoViewController.m */ = {isa = PBXFileReference; fileEncoding = 4; lastKnownFileType = sourcecode.c.objc; path = FlickrPhotoViewController.m; sourceTree = "<group>"; };
		848E285216858A2D00A84B40 /* RecentPhotosSelectorTableViewController.h */ = {isa = PBXFileReference; fileEncoding = 4; lastKnownFileType = sourcecode.c.h; path = RecentPhotosSelectorTableViewController.h; sourceTree = "<group>"; };
		848E285316858A2D00A84B40 /* RecentPhotosSelectorTableViewController.m */ = {isa = PBXFileReference; fileEncoding = 4; lastKnownFileType = sourcecode.c.objc; path = RecentPhotosSelectorTableViewController.m; sourceTree = "<group>"; };
		848E5A0F16C484F8005E3E92 /* SystemConfiguration.framework */ = {isa = PBXFileReference; lastKnownFileType = wrapper.framework; name = SystemConfiguration.framework; path = System/Library/Frameworks/SystemConfiguration.framework; sourceTree = SDKROOT; };
		848E5DFE16AA7CEB00840F97 /* iPad.storyboard */ = {isa = PBXFileReference; fileEncoding = 4; lastKnownFileType = file.storyboard; path = iPad.storyboard; sourceTree = "<group>"; };
		84906ACA16AFC03E0010C242 /* SegmentedViewController.h */ = {isa = PBXFileReference; fileEncoding = 4; lastKnownFileType = sourcecode.c.h; path = SegmentedViewController.h; sourceTree = "<group>"; };
		84906ACB16AFC03E0010C242 /* SegmentedViewController.m */ = {isa = PBXFileReference; fileEncoding = 4; lastKnownFileType = sourcecode.c.objc; path = SegmentedViewController.m; sourceTree = "<group>"; };
		84924A0016E503D30054D846 /* Model.xcdatamodel */ = {isa = PBXFileReference; lastKnownFileType = wrapper.xcdatamodel; path = Model.xcdatamodel; sourceTree = "<group>"; };
		84935F3716E5C74000166E23 /* CoreData.framework */ = {isa = PBXFileReference; lastKnownFileType = wrapper.framework; name = CoreData.framework; path = System/Library/Frameworks/CoreData.framework; sourceTree = SDKROOT; };
		8494481616AE29E5009C599C /* ViewControllerSupport.h */ = {isa = PBXFileReference; fileEncoding = 4; lastKnownFileType = sourcecode.c.h; path = ViewControllerSupport.h; sourceTree = "<group>"; };
		8494481716AE29E5009C599C /* ViewControllerSupport.m */ = {isa = PBXFileReference; fileEncoding = 4; lastKnownFileType = sourcecode.c.objc; path = ViewControllerSupport.m; sourceTree = "<group>"; };
		84B1E13F16E0631F00C1A84F /* VacationTableViewController.h */ = {isa = PBXFileReference; fileEncoding = 4; lastKnownFileType = sourcecode.c.h; name = VacationTableViewController.h; path = ViewControllers/VacationTableViewController.h; sourceTree = "<group>"; };
		84B1E14016E0631F00C1A84F /* VacationTableViewController.m */ = {isa = PBXFileReference; fileEncoding = 4; lastKnownFileType = sourcecode.c.objc; name = VacationTableViewController.m; path = ViewControllers/VacationTableViewController.m; sourceTree = "<group>"; };
		84B1E14316E0652000C1A84F /* TagsTableViewController.h */ = {isa = PBXFileReference; fileEncoding = 4; lastKnownFileType = sourcecode.c.h; name = TagsTableViewController.h; path = ViewControllers/TagsTableViewController.h; sourceTree = "<group>"; };
		84B1E14416E0652000C1A84F /* TagsTableViewController.m */ = {isa = PBXFileReference; fileEncoding = 4; lastKnownFileType = sourcecode.c.objc; name = TagsTableViewController.m; path = ViewControllers/TagsTableViewController.m; sourceTree = "<group>"; };
		84B1E14616E0654400C1A84F /* ItineraryTableViewController.h */ = {isa = PBXFileReference; fileEncoding = 4; lastKnownFileType = sourcecode.c.h; name = ItineraryTableViewController.h; path = ViewControllers/ItineraryTableViewController.h; sourceTree = "<group>"; };
		84B1E14716E0654400C1A84F /* ItineraryTableViewController.m */ = {isa = PBXFileReference; fileEncoding = 4; lastKnownFileType = sourcecode.c.objc; name = ItineraryTableViewController.m; path = ViewControllers/ItineraryTableViewController.m; sourceTree = "<group>"; };
		84E2319016BCF424005CF3DF /* FlickrMapViewController.h */ = {isa = PBXFileReference; fileEncoding = 4; lastKnownFileType = sourcecode.c.h; path = FlickrMapViewController.h; sourceTree = "<group>"; };
		84E2319116BCF424005CF3DF /* FlickrMapViewController.m */ = {isa = PBXFileReference; fileEncoding = 4; lastKnownFileType = sourcecode.c.objc; path = FlickrMapViewController.m; sourceTree = "<group>"; };
		84F662681684A99A000CE17B /* PhotoViewController.h */ = {isa = PBXFileReference; fileEncoding = 4; lastKnownFileType = sourcecode.c.h; path = PhotoViewController.h; sourceTree = "<group>"; };
		84F662691684A99A000CE17B /* PhotoViewController.m */ = {isa = PBXFileReference; fileEncoding = 4; lastKnownFileType = sourcecode.c.objc; path = PhotoViewController.m; sourceTree = "<group>"; };
		84F74F4C1691A5F80021864C /* SplitViewBarButtonItemPresenter.h */ = {isa = PBXFileReference; fileEncoding = 4; lastKnownFileType = sourcecode.c.h; name = SplitViewBarButtonItemPresenter.h; path = ../Psychologist/Psychologist/SplitViewBarButtonItemPresenter.h; sourceTree = "<group>"; };
		84FCA8E116E485AB00501507 /* FlickrPlacesTableViewController.h */ = {isa = PBXFileReference; fileEncoding = 4; lastKnownFileType = sourcecode.c.h; name = FlickrPlacesTableViewController.h; path = ViewControllers/FlickrPlacesTableViewController.h; sourceTree = "<group>"; };
		84FCA8E216E485AB00501507 /* FlickrPlacesTableViewController.m */ = {isa = PBXFileReference; fileEncoding = 4; lastKnownFileType = sourcecode.c.objc; name = FlickrPlacesTableViewController.m; path = ViewControllers/FlickrPlacesTableViewController.m; sourceTree = "<group>"; };
/* End PBXFileReference section */

/* Begin PBXFrameworksBuildPhase section */
		848A2ED51684A0BB008E0062 /* Frameworks */ = {
			isa = PBXFrameworksBuildPhase;
			buildActionMask = 2147483647;
			files = (
				84935F3816E5C74000166E23 /* CoreData.framework in Frameworks */,
				848E5A1016C484F8005E3E92 /* SystemConfiguration.framework in Frameworks */,
				841E793F16A91ADA00480E01 /* CoreLocation.framework in Frameworks */,
				841E793C16A91AD200480E01 /* MapKit.framework in Frameworks */,
				848A2EDD1684A0BC008E0062 /* UIKit.framework in Frameworks */,
				848A2EDF1684A0BC008E0062 /* Foundation.framework in Frameworks */,
				848A2EE11684A0BC008E0062 /* CoreGraphics.framework in Frameworks */,
				E836D31387F347779E7DEDC8 /* libPods.a in Frameworks */,
			);
			runOnlyForDeploymentPostprocessing = 0;
		};
/* End PBXFrameworksBuildPhase section */

/* Begin PBXGroup section */
		848664D916E50A320076A364 /* Core Data */ = {
			isa = PBXGroup;
			children = (
				849249FF16E503D30054D846 /* Model.xcdatamodeld */,
				848664D616E50A1D0076A364 /* Place.h */,
				848664D716E50A1D0076A364 /* Place.m */,
				848664D316E50A1D0076A364 /* Tag.h */,
				848664D416E50A1D0076A364 /* Tag.m */,
				848664D016E50A1C0076A364 /* Vacation.h */,
				848664D116E50A1D0076A364 /* Vacation.m */,
				848664CC16E50A1C0076A364 /* Photo.h */,
				848664CD16E50A1C0076A364 /* Photo.m */,
			);
			name = "Core Data";
			sourceTree = "<group>";
		};
		848800A616B4223300A5496D /* View Controllers */ = {
			isa = PBXGroup;
			children = (
				8490C00216A57BA70001026A /* Split View Rotation */,
				84B1E13F16E0631F00C1A84F /* VacationTableViewController.h */,
				84B1E14016E0631F00C1A84F /* VacationTableViewController.m */,
				84B1E14316E0652000C1A84F /* TagsTableViewController.h */,
				84B1E14416E0652000C1A84F /* TagsTableViewController.m */,
				84E2319016BCF424005CF3DF /* FlickrMapViewController.h */,
				84E2319116BCF424005CF3DF /* FlickrMapViewController.m */,
				84FCA8E116E485AB00501507 /* FlickrPlacesTableViewController.h */,
				84FCA8E216E485AB00501507 /* FlickrPlacesTableViewController.m */,
				84B1E14616E0654400C1A84F /* ItineraryTableViewController.h */,
				84B1E14716E0654400C1A84F /* ItineraryTableViewController.m */,
				8468C4D61684B27B0085107C /* FlickrPhotoSelectorTableViewController.h */,
				8468C4D71684B27B0085107C /* FlickrPhotoSelectorTableViewController.m */,
				848E285216858A2D00A84B40 /* RecentPhotosSelectorTableViewController.h */,
				848E285316858A2D00A84B40 /* RecentPhotosSelectorTableViewController.m */,
				848A2F091684A310008E0062 /* FlickrTopPlacesTableViewController.h */,
				848A2F0A1684A310008E0062 /* FlickrTopPlacesTableViewController.m */,
				84F662681684A99A000CE17B /* PhotoViewController.h */,
				84F662691684A99A000CE17B /* PhotoViewController.m */,
				848E284F1685743400A84B40 /* FlickrPhotoViewController.h */,
				848E28501685743400A84B40 /* FlickrPhotoViewController.m */,
				84906ACA16AFC03E0010C242 /* SegmentedViewController.h */,
				84906ACB16AFC03E0010C242 /* SegmentedViewController.m */,
				848E0D7D16A8E8FC005509B8 /* MapViewController.h */,
				848E0D7E16A8E8FC005509B8 /* MapViewController.m */,
			);
			name = "View Controllers";
			path = FlickrExplorer;
			sourceTree = "<group>";
		};
		848A2ECD1684A0BB008E0062 = {
			isa = PBXGroup;
			children = (
				848800A616B4223300A5496D /* View Controllers */,
				848E5E0016AA7CFA00840F97 /* UI */,
				848E4DB016AA74750038C354 /* Utility Methods */,
				848664D916E50A320076A364 /* Core Data */,
				848E4DAD16AA74420038C354 /* Data Objects */,
				848A2F041684A141008E0062 /* FlickrFetcher */,
				848E4DB216AA749B0038C354 /* Images */,
				848A2EDB1684A0BB008E0062 /* Frameworks */,
				848E4DB116AA74920038C354 /* Other */,
				848A2ED91684A0BB008E0062 /* Products */,
			);
			sourceTree = "<group>";
		};
		848A2ED91684A0BB008E0062 /* Products */ = {
			isa = PBXGroup;
			children = (
				848A2ED81684A0BB008E0062 /* FlickrExplorer.app */,
			);
			name = Products;
			sourceTree = "<group>";
		};
		848A2EDB1684A0BB008E0062 /* Frameworks */ = {
			isa = PBXGroup;
			children = (
				84935F3716E5C74000166E23 /* CoreData.framework */,
				848E5A0F16C484F8005E3E92 /* SystemConfiguration.framework */,
				841E793E16A91ADA00480E01 /* CoreLocation.framework */,
				841E793B16A91AD200480E01 /* MapKit.framework */,
				848A2EDC1684A0BB008E0062 /* UIKit.framework */,
				848A2EDE1684A0BC008E0062 /* Foundation.framework */,
				848A2EE01684A0BC008E0062 /* CoreGraphics.framework */,
				38727BE717CA4FAE85262720 /* libPods.a */,
				751EF9E85E404C82AA292A43 /* Pods.xcconfig */,
			);
			name = Frameworks;
			sourceTree = "<group>";
		};
		848A2F041684A141008E0062 /* FlickrFetcher */ = {
			isa = PBXGroup;
			children = (
				848A2F051684A141008E0062 /* FlickrAPIKey.h */,
				848A2F061684A141008E0062 /* FlickrFetcher.h */,
				848A2F071684A141008E0062 /* FlickrFetcher.m */,
			);
			name = FlickrFetcher;
			path = FlickrExplorer/FlickrFetcher;
			sourceTree = "<group>";
		};
		848E4DAD16AA74420038C354 /* Data Objects */ = {
			isa = PBXGroup;
			children = (
				848800B016B4292D00A5496D /* FlickrPhotoAnnotation.h */,
				848800B116B4292D00A5496D /* FlickrPhotoAnnotation.m */,
				848800A916B422FE00A5496D /* FlickrPlaceAnnotation.h */,
				848800AA16B422FE00A5496D /* FlickrPlaceAnnotation.m */,
			);
			name = "Data Objects";
			path = FlickrExplorer;
			sourceTree = "<group>";
		};
		848E4DB016AA74750038C354 /* Utility Methods */ = {
			isa = PBXGroup;
			children = (
				8494481616AE29E5009C599C /* ViewControllerSupport.h */,
				8494481716AE29E5009C599C /* ViewControllerSupport.m */,
				841E794F16A9403900480E01 /* IOSupport.h */,
				841E795016A9403900480E01 /* IOSupport.m */,
			);
			name = "Utility Methods";
			path = FlickrExplorer;
			sourceTree = "<group>";
		};
		848E4DB116AA74920038C354 /* Other */ = {
			isa = PBXGroup;
			children = (
				848A2EEB1684A0BC008E0062 /* FlickrExplorerAppDelegate.h */,
				848A2EEC1684A0BC008E0062 /* FlickrExplorerAppDelegate.m */,
				848A2F021684A0E2008E0062 /* README */,
				848A2EE41684A0BC008E0062 /* FlickrExplorer-Info.plist */,
				848A2EE51684A0BC008E0062 /* InfoPlist.strings */,
				848A2EE81684A0BC008E0062 /* main.m */,
				848A2EEA1684A0BC008E0062 /* FlickrExplorer-Prefix.pch */,
			);
			name = Other;
			path = FlickrExplorer;
			sourceTree = "<group>";
		};
		848E4DB216AA749B0038C354 /* Images */ = {
			isa = PBXGroup;
			children = (
				848A2EEE1684A0BC008E0062 /* Default.png */,
				848A2EF01684A0BC008E0062 /* Default@2x.png */,
				848A2EF21684A0BC008E0062 /* Default-568h@2x.png */,
			);
			name = Images;
			path = FlickrExplorer;
			sourceTree = "<group>";
		};
		848E5E0016AA7CFA00840F97 /* UI */ = {
			isa = PBXGroup;
			children = (
				848E5DFE16AA7CEB00840F97 /* iPad.storyboard */,
				848A2EF41684A0BC008E0062 /* iPhone.storyboard */,
			);
			name = UI;
			path = FlickrExplorer;
			sourceTree = "<group>";
		};
		8490C00216A57BA70001026A /* Split View Rotation */ = {
			isa = PBXGroup;
			children = (
				848DB3AF16AA8C9C004AA2EC /* RotatableViewController.h */,
				848DB3B016AA8C9C004AA2EC /* RotatableViewController.m */,
				84F74F4C1691A5F80021864C /* SplitViewBarButtonItemPresenter.h */,
				841E795516A9844C00480E01 /* DetailViewController.h */,
				841E795616A9844C00480E01 /* DetailViewController.m */,
			);
			name = "Split View Rotation";
			path = ..;
			sourceTree = "<group>";
		};
/* End PBXGroup section */

/* Begin PBXNativeTarget section */
		848A2ED71684A0BB008E0062 /* FlickrExplorer */ = {
			isa = PBXNativeTarget;
			buildConfigurationList = 848A2EFF1684A0BC008E0062 /* Build configuration list for PBXNativeTarget "FlickrExplorer" */;
			buildPhases = (
				848A2ED41684A0BB008E0062 /* Sources */,
				848A2ED51684A0BB008E0062 /* Frameworks */,
				848A2ED61684A0BB008E0062 /* Resources */,
				46818B5D30C74D3B9DA9D148 /* Copy Pods Resources */,
			);
			buildRules = (
			);
			dependencies = (
			);
			name = FlickrExplorer;
			productName = FlickrExplorer;
			productReference = 848A2ED81684A0BB008E0062 /* FlickrExplorer.app */;
			productType = "com.apple.product-type.application";
		};
/* End PBXNativeTarget section */

/* Begin PBXProject section */
		848A2ECF1684A0BB008E0062 /* Project object */ = {
			isa = PBXProject;
			attributes = {
				CLASSPREFIX = FlickrExplorer;
				LastUpgradeCheck = 0450;
				ORGANIZATIONNAME = ThoughtAdvances;
			};
			buildConfigurationList = 848A2ED21684A0BB008E0062 /* Build configuration list for PBXProject "FlickrExplorer" */;
			compatibilityVersion = "Xcode 3.2";
			developmentRegion = English;
			hasScannedForEncodings = 0;
			knownRegions = (
				en,
			);
			mainGroup = 848A2ECD1684A0BB008E0062;
			productRefGroup = 848A2ED91684A0BB008E0062 /* Products */;
			projectDirPath = "";
			projectRoot = "";
			targets = (
				848A2ED71684A0BB008E0062 /* FlickrExplorer */,
			);
		};
/* End PBXProject section */

/* Begin PBXResourcesBuildPhase section */
		848A2ED61684A0BB008E0062 /* Resources */ = {
			isa = PBXResourcesBuildPhase;
			buildActionMask = 2147483647;
			files = (
				848A2EE71684A0BC008E0062 /* InfoPlist.strings in Resources */,
				848A2EEF1684A0BC008E0062 /* Default.png in Resources */,
				848A2EF11684A0BC008E0062 /* Default@2x.png in Resources */,
				848A2EF31684A0BC008E0062 /* Default-568h@2x.png in Resources */,
				848A2EF61684A0BC008E0062 /* iPhone.storyboard in Resources */,
				848A2F031684A0E2008E0062 /* README in Resources */,
				848E5DFF16AA7CEB00840F97 /* iPad.storyboard in Resources */,
			);
			runOnlyForDeploymentPostprocessing = 0;
		};
/* End PBXResourcesBuildPhase section */

/* Begin PBXShellScriptBuildPhase section */
		46818B5D30C74D3B9DA9D148 /* Copy Pods Resources */ = {
			isa = PBXShellScriptBuildPhase;
			buildActionMask = 2147483647;
			files = (
			);
			inputPaths = (
			);
			name = "Copy Pods Resources";
			outputPaths = (
			);
			runOnlyForDeploymentPostprocessing = 0;
			shellPath = /bin/sh;
			shellScript = "\"${SRCROOT}/Pods/Pods-resources.sh\"\n";
		};
/* End PBXShellScriptBuildPhase section */

/* Begin PBXSourcesBuildPhase section */
		848A2ED41684A0BB008E0062 /* Sources */ = {
			isa = PBXSourcesBuildPhase;
			buildActionMask = 2147483647;
			files = (
				848A2EE91684A0BC008E0062 /* main.m in Sources */,
				848A2EED1684A0BC008E0062 /* FlickrExplorerAppDelegate.m in Sources */,
				848A2F081684A141008E0062 /* FlickrFetcher.m in Sources */,
				848A2F0B1684A310008E0062 /* FlickrTopPlacesTableViewController.m in Sources */,
				84F6626A1684A99A000CE17B /* PhotoViewController.m in Sources */,
				8468C4D81684B27B0085107C /* FlickrPhotoSelectorTableViewController.m in Sources */,
				848E28511685743400A84B40 /* FlickrPhotoViewController.m in Sources */,
				848E285416858A2D00A84B40 /* RecentPhotosSelectorTableViewController.m in Sources */,
				848E0D7F16A8E8FC005509B8 /* MapViewController.m in Sources */,
				841E795116A9403900480E01 /* IOSupport.m in Sources */,
				841E795716A9844C00480E01 /* DetailViewController.m in Sources */,
				848DB3B116AA8C9C004AA2EC /* RotatableViewController.m in Sources */,
				8494481816AE29E6009C599C /* ViewControllerSupport.m in Sources */,
				84906ACC16AFC03E0010C242 /* SegmentedViewController.m in Sources */,
				848800AB16B422FE00A5496D /* FlickrPlaceAnnotation.m in Sources */,
				848800B216B4292D00A5496D /* FlickrPhotoAnnotation.m in Sources */,
				84E2319216BCF424005CF3DF /* FlickrMapViewController.m in Sources */,
				84B1E14116E0631F00C1A84F /* VacationTableViewController.m in Sources */,
				84B1E14516E0652000C1A84F /* TagsTableViewController.m in Sources */,
				84B1E14816E0654400C1A84F /* ItineraryTableViewController.m in Sources */,
				84FCA8E316E485AB00501507 /* FlickrPlacesTableViewController.m in Sources */,
				84924A0116E503D30054D846 /* Model.xcdatamodeld in Sources */,
				848664CE16E50A1C0076A364 /* Photo.m in Sources */,
				848664D216E50A1D0076A364 /* Vacation.m in Sources */,
				848664D516E50A1D0076A364 /* Tag.m in Sources */,
				848664D816E50A1D0076A364 /* Place.m in Sources */,
			);
			runOnlyForDeploymentPostprocessing = 0;
		};
/* End PBXSourcesBuildPhase section */

/* Begin PBXVariantGroup section */
		848A2EE51684A0BC008E0062 /* InfoPlist.strings */ = {
			isa = PBXVariantGroup;
			children = (
				848A2EE61684A0BC008E0062 /* en */,
			);
			name = InfoPlist.strings;
			sourceTree = "<group>";
		};
		848A2EF41684A0BC008E0062 /* iPhone.storyboard */ = {
			isa = PBXVariantGroup;
			children = (
				848A2EF51684A0BC008E0062 /* en */,
			);
			name = iPhone.storyboard;
			sourceTree = "<group>";
		};
/* End PBXVariantGroup section */

/* Begin XCBuildConfiguration section */
		848A2EFD1684A0BC008E0062 /* Debug */ = {
			isa = XCBuildConfiguration;
			buildSettings = {
				ALWAYS_SEARCH_USER_PATHS = NO;
				CLANG_CXX_LANGUAGE_STANDARD = "gnu++0x";
				CLANG_CXX_LIBRARY = "libc++";
				CLANG_ENABLE_OBJC_ARC = YES;
				CLANG_WARN_EMPTY_BODY = YES;
				CLANG_WARN__DUPLICATE_METHOD_MATCH = YES;
				"CODE_SIGN_IDENTITY[sdk=iphoneos*]" = "iPhone Developer";
				COPY_PHASE_STRIP = NO;
				GCC_C_LANGUAGE_STANDARD = gnu99;
				GCC_DYNAMIC_NO_PIC = NO;
				GCC_OPTIMIZATION_LEVEL = 0;
				GCC_PREPROCESSOR_DEFINITIONS = (
					"DEBUG=1",
					"$(inherited)",
				);
				GCC_SYMBOLS_PRIVATE_EXTERN = NO;
				GCC_WARN_ABOUT_RETURN_TYPE = YES;
				GCC_WARN_UNINITIALIZED_AUTOS = YES;
				GCC_WARN_UNUSED_VARIABLE = YES;
				IPHONEOS_DEPLOYMENT_TARGET = 6.0;
				ONLY_ACTIVE_ARCH = YES;
				SDKROOT = iphoneos;
				TARGETED_DEVICE_FAMILY = "1,2";
			};
			name = Debug;
		};
		848A2EFE1684A0BC008E0062 /* Release */ = {
			isa = XCBuildConfiguration;
			buildSettings = {
				ALWAYS_SEARCH_USER_PATHS = NO;
				CLANG_CXX_LANGUAGE_STANDARD = "gnu++0x";
				CLANG_CXX_LIBRARY = "libc++";
				CLANG_ENABLE_OBJC_ARC = YES;
				CLANG_WARN_EMPTY_BODY = YES;
				CLANG_WARN__DUPLICATE_METHOD_MATCH = YES;
				"CODE_SIGN_IDENTITY[sdk=iphoneos*]" = "iPhone Developer";
				COPY_PHASE_STRIP = YES;
				GCC_C_LANGUAGE_STANDARD = gnu99;
				GCC_WARN_ABOUT_RETURN_TYPE = YES;
				GCC_WARN_UNINITIALIZED_AUTOS = YES;
				GCC_WARN_UNUSED_VARIABLE = YES;
				IPHONEOS_DEPLOYMENT_TARGET = 6.0;
				OTHER_CFLAGS = "-DNS_BLOCK_ASSERTIONS=1";
				SDKROOT = iphoneos;
				TARGETED_DEVICE_FAMILY = "1,2";
				VALIDATE_PRODUCT = YES;
			};
			name = Release;
		};
		848A2F001684A0BC008E0062 /* Debug */ = {
			isa = XCBuildConfiguration;
			baseConfigurationReference = 751EF9E85E404C82AA292A43 /* Pods.xcconfig */;
			buildSettings = {
				GCC_PRECOMPILE_PREFIX_HEADER = YES;
				GCC_PREFIX_HEADER = "FlickrExplorer/FlickrExplorer-Prefix.pch";
				INFOPLIST_FILE = "FlickrExplorer/FlickrExplorer-Info.plist";
				PRODUCT_NAME = "$(TARGET_NAME)";
				WRAPPER_EXTENSION = app;
			};
			name = Debug;
		};
		848A2F011684A0BC008E0062 /* Release */ = {
			isa = XCBuildConfiguration;
			baseConfigurationReference = 751EF9E85E404C82AA292A43 /* Pods.xcconfig */;
			buildSettings = {
				GCC_PRECOMPILE_PREFIX_HEADER = YES;
				GCC_PREFIX_HEADER = "FlickrExplorer/FlickrExplorer-Prefix.pch";
				INFOPLIST_FILE = "FlickrExplorer/FlickrExplorer-Info.plist";
				PRODUCT_NAME = "$(TARGET_NAME)";
				WRAPPER_EXTENSION = app;
			};
			name = Release;
		};
/* End XCBuildConfiguration section */

/* Begin XCConfigurationList section */
		848A2ED21684A0BB008E0062 /* Build configuration list for PBXProject "FlickrExplorer" */ = {
			isa = XCConfigurationList;
			buildConfigurations = (
				848A2EFD1684A0BC008E0062 /* Debug */,
				848A2EFE1684A0BC008E0062 /* Release */,
			);
			defaultConfigurationIsVisible = 0;
			defaultConfigurationName = Release;
		};
		848A2EFF1684A0BC008E0062 /* Build configuration list for PBXNativeTarget "FlickrExplorer" */ = {
			isa = XCConfigurationList;
			buildConfigurations = (
				848A2F001684A0BC008E0062 /* Debug */,
				848A2F011684A0BC008E0062 /* Release */,
			);
			defaultConfigurationIsVisible = 0;
			defaultConfigurationName = Release;
		};
/* End XCConfigurationList section */

/* Begin XCVersionGroup section */
		849249FF16E503D30054D846 /* Model.xcdatamodeld */ = {
			isa = XCVersionGroup;
			children = (
				84924A0016E503D30054D846 /* Model.xcdatamodel */,
			);
			currentVersion = 84924A0016E503D30054D846 /* Model.xcdatamodel */;
			name = Model.xcdatamodeld;
			path = "FlickrExplorer/Core Data/Model.xcdatamodeld";
			sourceTree = "<group>";
			versionGroupType = wrapper.xcdatamodel;
		};
/* End XCVersionGroup section */
	};
	rootObject = 848A2ECF1684A0BB008E0062 /* Project object */;
}
